{
  "name": "yuzu-lottery",
  "version": "0.1.0",
  "lockfileVersion": 3,
  "requires": true,
  "packages": {
    "": {
      "name": "yuzu-lottery",
      "version": "0.1.0",
      "dependencies": {
        "@rainbow-me/rainbowkit": "^2.2.4",
        "@tanstack/react-query": "^5.72.2",
        "@testing-library/dom": "^10.4.0",
        "@testing-library/jest-dom": "^6.6.3",
        "@testing-library/react": "^16.2.0",
        "@testing-library/user-event": "^13.5.0",
        "@types/jest": "^27.5.2",
        "@types/node": "^16.18.126",
        "@types/react": "^19.0.12",
        "@types/react-dom": "^19.0.4",
        "@types/react-router-dom": "^5.3.3",
        "bowser": "^2.11.0",
        "react": "^19.1.0",
        "react-dom": "^19.1.0",
        "react-router-dom": "^7.4.1",
        "react-scripts": "5.0.1",
        "typescript": "^4.9.5",
        "viem": "^2.26.3",
        "wagmi": "^2.14.16",
        "web-vitals": "^2.1.4"
      },
      "devDependencies": {
        "@tailwindcss/postcss": "^4.0.17",
        "autoprefixer": "^10.4.21",
        "postcss": "^8.5.3",
        "tailwindcss": "^3.2.7"
      }
    },
    "../../node_modules/.pnpm/@rainbow-me+rainbowkit@2.2.4_@tanstack+react-query@5.74.3_react@19.1.0__@types+react@19_b68ad5c399f0916403f90a80c1b3db50/node_modules/@rainbow-me/rainbowkit": {
      "version": "2.2.4",
      "license": "MIT",
      "dependencies": {
        "@vanilla-extract/css": "1.15.5",
        "@vanilla-extract/dynamic": "2.1.2",
        "@vanilla-extract/sprinkles": "1.6.3",
        "clsx": "2.1.1",
        "qrcode": "1.5.4",
        "react-remove-scroll": "2.6.2",
        "ua-parser-js": "^1.0.37"
      },
      "devDependencies": {
        "@testing-library/dom": "^10.4.0",
        "@testing-library/jest-dom": "^6.6.3",
        "@testing-library/react": "^16.1.0",
        "@testing-library/user-event": "^14.5.2",
        "@types/qrcode": "^1.5.5",
        "@types/ua-parser-js": "^0.7.39",
        "@vanilla-extract/css-utils": "0.1.4",
        "@vanilla-extract/private": "1.0.6",
        "autoprefixer": "^10.4.16",
        "dotenv": "^16.4.5",
        "jsdom": "^25.0.0",
        "nock": "^13.4.0",
        "postcss": "^8.4.45",
        "react": "^19.0.0",
        "vitest": "2.1.9"
      },
      "engines": {
        "node": ">=12.4"
      },
      "peerDependencies": {
        "@tanstack/react-query": ">=5.0.0",
        "react": ">=18",
        "react-dom": ">=18",
        "viem": "2.x",
        "wagmi": "^2.9.0"
      }
    },
    "../../node_modules/.pnpm/@tailwindcss+postcss@4.1.3/node_modules/@tailwindcss/postcss": {
      "version": "4.1.3",
      "dev": true,
      "license": "MIT",
      "dependencies": {
        "@alloc/quick-lru": "^5.2.0",
        "@tailwindcss/node": "4.1.3",
        "@tailwindcss/oxide": "4.1.3",
        "postcss": "^8.4.41",
        "tailwindcss": "4.1.3"
      },
      "devDependencies": {
        "@types/node": "^20.14.8",
        "@types/postcss-import": "14.0.3",
        "dedent": "1.5.3",
        "internal-example-plugin": "0.0.0",
        "postcss-import": "^16.1.0"
      }
    },
    "../../node_modules/.pnpm/@tanstack+react-query@5.74.3_react@19.1.0/node_modules/@tanstack/react-query": {
      "version": "5.74.3",
      "license": "MIT",
      "dependencies": {
        "@tanstack/query-core": "5.74.3"
      },
      "devDependencies": {
        "@tanstack/query-persist-client-core": "5.74.3",
        "@testing-library/react": "^16.1.0",
        "@testing-library/react-render-stream": "^2.0.0",
        "@types/react": "^19.0.1",
        "@types/react-dom": "^19.0.2",
        "@vitejs/plugin-react": "^4.3.4",
        "eslint-plugin-react-compiler": "19.0.0-beta-df7b47d-20241124",
        "npm-run-all2": "^5.0.0",
        "react": "^19.0.0",
        "react-dom": "^19.0.0",
        "react-error-boundary": "^4.1.2"
      },
      "funding": {
        "type": "github",
        "url": "https://github.com/sponsors/tannerlinsley"
      },
      "peerDependencies": {
        "react": "^18 || ^19"
      }
    },
    "../../node_modules/.pnpm/@testing-library+dom@10.4.0/node_modules/@testing-library/dom": {
      "version": "10.4.0",
      "license": "MIT",
      "dependencies": {
        "@babel/code-frame": "^7.10.4",
        "@babel/runtime": "^7.12.5",
        "@types/aria-query": "^5.0.1",
        "aria-query": "5.3.0",
        "chalk": "^4.1.0",
        "dom-accessibility-api": "^0.5.9",
        "lz-string": "^1.5.0",
        "pretty-format": "^27.0.2"
      },
      "devDependencies": {
        "@testing-library/jest-dom": "^5.11.6",
        "browserslist": "4.21.8",
        "caniuse-lite": "1.0.30001502",
        "jest-in-case": "^1.0.2",
        "jest-snapshot-serializer-ansi": "^1.0.0",
        "jest-watch-select-projects": "^2.0.0",
        "jsdom": "20.0.0",
        "kcd-scripts": "^13.0.0",
        "typescript": "^4.1.2"
      },
      "engines": {
        "node": ">=18"
      }
    },
    "../../node_modules/.pnpm/@testing-library+jest-dom@6.6.3/node_modules/@testing-library/jest-dom": {
      "version": "6.6.3",
      "license": "MIT",
      "dependencies": {
        "@adobe/css-tools": "^4.4.0",
        "aria-query": "^5.0.0",
        "chalk": "^3.0.0",
        "css.escape": "^1.5.1",
        "dom-accessibility-api": "^0.6.3",
        "lodash": "^4.17.21",
        "redent": "^3.0.0"
      },
      "devDependencies": {
        "@jest/globals": "^29.6.2",
        "@rollup/plugin-commonjs": "^25.0.4",
        "@types/bun": "latest",
        "@types/web": "latest",
        "expect": "^29.6.2",
        "jest-environment-jsdom-sixteen": "^1.0.3",
        "jest-watch-select-projects": "^2.0.0",
        "jsdom": "^16.2.1",
        "kcd-scripts": "^14.0.0",
        "pretty-format": "^25.1.0",
        "rollup": "^3.28.1",
        "rollup-plugin-delete": "^2.0.0",
        "typescript": "^5.1.6",
        "vitest": "^0.34.1"
      },
      "engines": {
        "node": ">=14",
        "npm": ">=6",
        "yarn": ">=1"
      }
    },
    "../../node_modules/.pnpm/@testing-library+react@16.3.0_@testing-library+dom@10.4.0_@types+react-dom@19.1.1_@type_1b5025efc4e570d1167829926678f22f/node_modules/@testing-library/react": {
      "version": "16.3.0",
      "license": "MIT",
      "dependencies": {
        "@babel/runtime": "^7.12.5"
      },
      "devDependencies": {
        "@testing-library/dom": "^10.0.0",
        "@testing-library/jest-dom": "^5.11.6",
        "@types/react": "^19.0.0",
        "@types/react-dom": "^19.0.0",
        "chalk": "^4.1.2",
        "dotenv-cli": "^4.0.0",
        "jest-diff": "^29.7.0",
        "kcd-scripts": "^13.0.0",
        "npm-run-all": "^4.1.5",
        "react": "^19.0.0",
        "react-dom": "^19.0.0",
        "rimraf": "^3.0.2",
        "typescript": "^4.1.2"
      },
      "engines": {
        "node": ">=18"
      },
      "peerDependencies": {
        "@testing-library/dom": "^10.0.0",
        "@types/react": "^18.0.0 || ^19.0.0",
        "@types/react-dom": "^18.0.0 || ^19.0.0",
        "react": "^18.0.0 || ^19.0.0",
        "react-dom": "^18.0.0 || ^19.0.0"
      },
      "peerDependenciesMeta": {
        "@types/react": {
          "optional": true
        },
        "@types/react-dom": {
          "optional": true
        }
      }
    },
    "../../node_modules/.pnpm/@testing-library+user-event@13.5.0_@testing-library+dom@10.4.0/node_modules/@testing-library/user-event": {
      "version": "13.5.0",
      "license": "MIT",
      "dependencies": {
        "@babel/runtime": "^7.12.5"
      },
      "devDependencies": {
        "@testing-library/dom": "^7.28.1",
        "@testing-library/jest-dom": "^5.11.6",
        "@testing-library/react": "^11.2.5",
        "@types/estree": "0.0.45",
        "@types/jest-in-case": "^1.0.3",
        "@types/react": "^17.0.3",
        "is-ci": "^2.0.0",
        "jest-in-case": "^1.0.2",
        "jest-serializer-ansi": "^1.0.3",
        "kcd-scripts": "^11.1.0",
        "react": "^17.0.2",
        "react-dom": "^17.0.2",
        "typescript": "^4.1.2"
      },
      "engines": {
        "node": ">=10",
        "npm": ">=6"
      },
      "peerDependencies": {
        "@testing-library/dom": ">=7.21.4"
      }
    },
    "../../node_modules/.pnpm/@types+jest@27.5.2/node_modules/@types/jest": {
      "version": "27.5.2",
      "license": "MIT",
      "dependencies": {
        "jest-matcher-utils": "^27.0.0",
        "pretty-format": "^27.0.0"
      }
    },
    "../../node_modules/.pnpm/@types+node@16.18.126/node_modules/@types/node": {
      "version": "16.18.126",
      "license": "MIT"
    },
    "../../node_modules/.pnpm/@types+react-dom@19.1.1_@types+react@19.1.0/node_modules/@types/react-dom": {
      "version": "19.1.1",
      "license": "MIT",
      "peerDependencies": {
        "@types/react": "^19.0.0"
      }
    },
    "../../node_modules/.pnpm/@types+react-router-dom@5.3.3/node_modules/@types/react-router-dom": {
      "version": "5.3.3",
      "license": "MIT",
      "dependencies": {
        "@types/history": "^4.7.11",
        "@types/react": "*",
        "@types/react-router": "*"
      }
    },
    "../../node_modules/.pnpm/@types+react@19.1.0/node_modules/@types/react": {
      "version": "19.1.0",
      "license": "MIT",
      "dependencies": {
        "csstype": "^3.0.2"
      }
    },
    "../../node_modules/.pnpm/autoprefixer@10.4.21_postcss@8.5.3/node_modules/autoprefixer": {
      "version": "10.4.21",
      "dev": true,
      "funding": [
        {
          "type": "opencollective",
          "url": "https://opencollective.com/postcss/"
        },
        {
          "type": "tidelift",
          "url": "https://tidelift.com/funding/github/npm/autoprefixer"
        },
        {
          "type": "github",
          "url": "https://github.com/sponsors/ai"
        }
      ],
      "license": "MIT",
      "dependencies": {
        "browserslist": "^4.24.4",
        "caniuse-lite": "^1.0.30001702",
        "fraction.js": "^4.3.7",
        "normalize-range": "^0.1.2",
        "picocolors": "^1.1.1",
        "postcss-value-parser": "^4.2.0"
      },
      "bin": {
        "autoprefixer": "bin/autoprefixer"
      },
      "engines": {
        "node": "^10 || ^12 || >=14"
      },
      "peerDependencies": {
        "postcss": "^8.1.0"
      }
    },
    "../../node_modules/.pnpm/postcss@8.5.3/node_modules/postcss": {
      "version": "8.5.3",
      "dev": true,
      "funding": [
        {
          "type": "opencollective",
          "url": "https://opencollective.com/postcss/"
        },
        {
          "type": "tidelift",
          "url": "https://tidelift.com/funding/github/npm/postcss"
        },
        {
          "type": "github",
          "url": "https://github.com/sponsors/ai"
        }
      ],
      "license": "MIT",
      "dependencies": {
        "nanoid": "^3.3.8",
        "picocolors": "^1.1.1",
        "source-map-js": "^1.2.1"
      },
      "engines": {
        "node": "^10 || ^12 || >=14"
      }
    },
    "../../node_modules/.pnpm/react-dom@19.1.0_react@19.1.0/node_modules/react-dom": {
      "version": "19.1.0",
      "license": "MIT",
      "dependencies": {
        "scheduler": "^0.26.0"
      },
      "peerDependencies": {
        "react": "^19.1.0"
      }
    },
    "../../node_modules/.pnpm/react-router-dom@7.5.0_react-dom@19.1.0_react@19.1.0__react@19.1.0/node_modules/react-router-dom": {
      "version": "7.5.0",
      "license": "MIT",
      "dependencies": {
        "react-router": "7.5.0"
      },
      "devDependencies": {
        "react": "^18.2.0",
        "react-dom": "^18.2.0",
        "tsup": "^8.3.0",
        "typescript": "^5.1.6",
        "wireit": "0.14.9"
      },
      "engines": {
        "node": ">=20.0.0"
      },
      "peerDependencies": {
        "react": ">=18",
        "react-dom": ">=18"
      }
    },
    "../../node_modules/.pnpm/react-scripts@5.0.1_@babel+plugin-syntax-flow@7.26.0_@babel+core@7.26.10__@babel+plugin_afbe7d174245ecbb5c8987d9f5ae7774/node_modules/react-scripts": {
      "version": "5.0.1",
      "license": "MIT",
      "dependencies": {
        "@babel/core": "^7.16.0",
        "@pmmmwh/react-refresh-webpack-plugin": "^0.5.3",
        "@svgr/webpack": "^5.5.0",
        "babel-jest": "^27.4.2",
        "babel-loader": "^8.2.3",
        "babel-plugin-named-asset-import": "^0.3.8",
        "babel-preset-react-app": "^10.0.1",
        "bfj": "^7.0.2",
        "browserslist": "^4.18.1",
        "camelcase": "^6.2.1",
        "case-sensitive-paths-webpack-plugin": "^2.4.0",
        "css-loader": "^6.5.1",
        "css-minimizer-webpack-plugin": "^3.2.0",
        "dotenv": "^10.0.0",
        "dotenv-expand": "^5.1.0",
        "eslint": "^8.3.0",
        "eslint-config-react-app": "^7.0.1",
        "eslint-webpack-plugin": "^3.1.1",
        "file-loader": "^6.2.0",
        "fs-extra": "^10.0.0",
        "html-webpack-plugin": "^5.5.0",
        "identity-obj-proxy": "^3.0.0",
        "jest": "^27.4.3",
        "jest-resolve": "^27.4.2",
        "jest-watch-typeahead": "^1.0.0",
        "mini-css-extract-plugin": "^2.4.5",
        "postcss": "^8.4.4",
        "postcss-flexbugs-fixes": "^5.0.2",
        "postcss-loader": "^6.2.1",
        "postcss-normalize": "^10.0.1",
        "postcss-preset-env": "^7.0.1",
        "prompts": "^2.4.2",
        "react-app-polyfill": "^3.0.0",
        "react-dev-utils": "^12.0.1",
        "react-refresh": "^0.11.0",
        "resolve": "^1.20.0",
        "resolve-url-loader": "^4.0.0",
        "sass-loader": "^12.3.0",
        "semver": "^7.3.5",
        "source-map-loader": "^3.0.0",
        "style-loader": "^3.3.1",
        "tailwindcss": "^3.0.2",
        "terser-webpack-plugin": "^5.2.5",
        "webpack": "^5.64.4",
        "webpack-dev-server": "^4.6.0",
        "webpack-manifest-plugin": "^4.0.2",
        "workbox-webpack-plugin": "^6.4.1"
      },
      "bin": {
        "react-scripts": "bin/react-scripts.js"
      },
      "devDependencies": {
        "react": "^18.0.0",
        "react-dom": "^18.0.0"
      },
      "engines": {
        "node": ">=14.0.0"
      },
      "optionalDependencies": {
        "fsevents": "^2.3.2"
      },
      "peerDependencies": {
        "react": ">= 16",
        "typescript": "^3.2.1 || ^4"
      },
      "peerDependenciesMeta": {
        "typescript": {
          "optional": true
        }
      }
    },
    "../../node_modules/.pnpm/react@19.1.0/node_modules/react": {
      "version": "19.1.0",
      "license": "MIT",
      "engines": {
        "node": ">=0.10.0"
      }
    },
    "../../node_modules/.pnpm/tailwindcss@3.4.17_ts-node@10.9.2_@types+node@16.18.126_typescript@4.9.5_/node_modules/tailwindcss": {
      "version": "3.4.17",
      "dev": true,
      "license": "MIT",
      "dependencies": {
        "@alloc/quick-lru": "^5.2.0",
        "arg": "^5.0.2",
        "chokidar": "^3.6.0",
        "didyoumean": "^1.2.2",
        "dlv": "^1.1.3",
        "fast-glob": "^3.3.2",
        "glob-parent": "^6.0.2",
        "is-glob": "^4.0.3",
        "jiti": "^1.21.6",
        "lilconfig": "^3.1.3",
        "micromatch": "^4.0.8",
        "normalize-path": "^3.0.0",
        "object-hash": "^3.0.0",
        "picocolors": "^1.1.1",
        "postcss": "^8.4.47",
        "postcss-import": "^15.1.0",
        "postcss-js": "^4.0.1",
        "postcss-load-config": "^4.0.2",
        "postcss-nested": "^6.2.0",
        "postcss-selector-parser": "^6.1.2",
        "resolve": "^1.22.8",
        "sucrase": "^3.35.0"
      },
      "bin": {
        "tailwind": "lib/cli.js",
        "tailwindcss": "lib/cli.js"
      },
      "devDependencies": {
        "@swc/cli": "0.1.62",
        "@swc/core": "1.3.55",
        "@swc/jest": "0.2.26",
        "@swc/register": "0.1.10",
        "autoprefixer": "^10.4.20",
        "browserslist": "^4.24.0",
        "concurrently": "^8.2.2",
        "cssnano": "^6.1.2",
        "esbuild": "^0.24.0",
        "eslint": "^8.57.1",
        "eslint-config-prettier": "^8.10.0",
        "eslint-plugin-prettier": "^4.2.1",
        "jest": "^29.7.0",
        "jest-diff": "^29.7.0",
        "lightningcss": "1.27.0",
        "prettier": "^2.8.8",
        "rimraf": "^5.0.10",
        "source-map-js": "^1.2.1",
        "turbo": "^1.13.4"
      },
      "engines": {
        "node": ">=14.0.0"
      }
    },
    "../../node_modules/.pnpm/typescript@4.9.5/node_modules/typescript": {
      "version": "4.9.5",
      "license": "Apache-2.0",
      "bin": {
        "tsc": "bin/tsc",
        "tsserver": "bin/tsserver"
      },
      "devDependencies": {
        "@octokit/rest": "latest",
        "@types/chai": "latest",
        "@types/fancy-log": "^2.0.0",
        "@types/fs-extra": "^9.0.13",
        "@types/glob": "latest",
        "@types/gulp": "^4.0.9",
        "@types/gulp-concat": "latest",
        "@types/gulp-newer": "latest",
        "@types/gulp-rename": "latest",
        "@types/gulp-sourcemaps": "latest",
        "@types/merge2": "latest",
        "@types/microsoft__typescript-etw": "latest",
        "@types/minimist": "latest",
        "@types/mkdirp": "latest",
        "@types/mocha": "latest",
        "@types/ms": "latest",
        "@types/node": "latest",
        "@types/source-map-support": "latest",
        "@types/which": "^2.0.1",
        "@types/xml2js": "^0.4.11",
        "@typescript-eslint/eslint-plugin": "^5.33.1",
        "@typescript-eslint/parser": "^5.33.1",
        "@typescript-eslint/utils": "^5.33.1",
        "azure-devops-node-api": "^11.2.0",
        "chai": "latest",
        "chalk": "^4.1.2",
        "del": "^6.1.1",
        "diff": "^5.1.0",
        "eslint": "^8.22.0",
        "eslint-formatter-autolinkable-stylish": "^1.2.0",
        "eslint-plugin-import": "^2.26.0",
        "eslint-plugin-jsdoc": "^39.3.6",
        "eslint-plugin-local": "^1.0.0",
        "eslint-plugin-no-null": "^1.0.2",
        "fancy-log": "latest",
        "fs-extra": "^9.1.0",
        "glob": "latest",
        "gulp": "^4.0.2",
        "gulp-concat": "latest",
        "gulp-insert": "latest",
        "gulp-newer": "latest",
        "gulp-rename": "latest",
        "gulp-sourcemaps": "latest",
        "merge2": "latest",
        "minimist": "latest",
        "mkdirp": "latest",
        "mocha": "latest",
        "mocha-fivemat-progress-reporter": "latest",
        "ms": "^2.1.3",
        "node-fetch": "^3.2.10",
        "source-map-support": "latest",
        "typescript": "^4.8.4",
        "vinyl": "latest",
        "which": "^2.0.2",
        "xml2js": "^0.4.23"
      },
      "engines": {
        "node": ">=4.2.0"
      }
    },
    "../../node_modules/.pnpm/viem@2.27.0_bufferutil@4.0.9_typescript@4.9.5_utf-8-validate@5.0.10/node_modules/viem": {
      "version": "2.27.0",
      "funding": [
        {
          "type": "github",
          "url": "https://github.com/sponsors/wevm"
        }
      ],
      "license": "MIT",
      "dependencies": {
        "@noble/curves": "1.8.1",
        "@noble/hashes": "1.7.1",
        "@scure/bip32": "1.6.2",
        "@scure/bip39": "1.5.4",
        "abitype": "1.0.8",
        "isows": "1.0.6",
        "ox": "0.6.9",
        "ws": "8.18.1"
      },
      "peerDependencies": {
        "typescript": ">=5.0.4"
      },
      "peerDependenciesMeta": {
        "typescript": {
          "optional": true
        }
      }
    },
    "../../node_modules/.pnpm/wagmi@2.14.16_@tanstack+query-core@5.74.3_@tanstack+react-query@5.74.3_react@19.1.0__@t_b364b08ee1b048319690a2260371cdef/node_modules/wagmi": {
      "version": "2.14.16",
      "license": "MIT",
      "dependencies": {
        "@wagmi/connectors": "5.7.12",
        "@wagmi/core": "2.16.7",
        "use-sync-external-store": "1.4.0"
      },
      "funding": {
        "url": "https://github.com/sponsors/wevm"
      },
      "peerDependencies": {
        "@tanstack/react-query": ">=5.0.0",
        "react": ">=18",
        "typescript": ">=5.0.4",
        "viem": "2.x"
      },
      "peerDependenciesMeta": {
        "typescript": {
          "optional": true
        }
      }
    },
    "../../node_modules/.pnpm/web-vitals@2.1.4/node_modules/web-vitals": {
      "version": "2.1.4",
      "license": "Apache-2.0",
      "devDependencies": {
        "@babel/core": "^7.16.10",
        "@babel/preset-env": "^7.16.11",
        "@rollup/plugin-replace": "^3.0.1",
        "@typescript-eslint/eslint-plugin": "^5.10.0",
        "@typescript-eslint/parser": "^5.10.0",
        "@wdio/cli": "^7.16.13",
        "@wdio/local-runner": "^7.16.13",
        "@wdio/mocha-framework": "^7.16.13",
        "@wdio/selenium-standalone-service": "^7.16.13",
        "@wdio/spec-reporter": "^7.16.13",
        "body-parser": "^1.19.1",
        "chromedriver": "^97.0.0",
        "eslint": "^8.7.0",
        "eslint-config-google": "^0.14.0",
        "express": "^4.17.2",
        "fs-extra": "^10.0.0",
        "husky": "^7.0.4",
        "npm-run-all": "^4.1.5",
        "nunjucks": "^3.2.3",
        "rollup": "^2.64.0",
        "rollup-plugin-babel": "^4.4.0",
        "rollup-plugin-terser": "^7.0.2",
        "typescript": "^4.5.5",
        "wdio-chromedriver-service": "^7.2.6"
      }
    },
    "node_modules/@rainbow-me/rainbowkit": {
      "resolved": "../../node_modules/.pnpm/@rainbow-me+rainbowkit@2.2.4_@tanstack+react-query@5.74.3_react@19.1.0__@types+react@19_b68ad5c399f0916403f90a80c1b3db50/node_modules/@rainbow-me/rainbowkit",
      "link": true
    },
    "node_modules/@tailwindcss/postcss": {
      "resolved": "../../node_modules/.pnpm/@tailwindcss+postcss@4.1.3/node_modules/@tailwindcss/postcss",
      "link": true
    },
    "node_modules/@tanstack/react-query": {
      "resolved": "../../node_modules/.pnpm/@tanstack+react-query@5.74.3_react@19.1.0/node_modules/@tanstack/react-query",
      "link": true
    },
    "node_modules/@testing-library/dom": {
      "resolved": "../../node_modules/.pnpm/@testing-library+dom@10.4.0/node_modules/@testing-library/dom",
      "link": true
    },
    "node_modules/@testing-library/jest-dom": {
      "resolved": "../../node_modules/.pnpm/@testing-library+jest-dom@6.6.3/node_modules/@testing-library/jest-dom",
      "link": true
    },
    "node_modules/@testing-library/react": {
      "resolved": "../../node_modules/.pnpm/@testing-library+react@16.3.0_@testing-library+dom@10.4.0_@types+react-dom@19.1.1_@type_1b5025efc4e570d1167829926678f22f/node_modules/@testing-library/react",
      "link": true
    },
    "node_modules/@testing-library/user-event": {
      "resolved": "../../node_modules/.pnpm/@testing-library+user-event@13.5.0_@testing-library+dom@10.4.0/node_modules/@testing-library/user-event",
      "link": true
    },
    "node_modules/@types/jest": {
      "resolved": "../../node_modules/.pnpm/@types+jest@27.5.2/node_modules/@types/jest",
      "link": true
    },
    "node_modules/@types/node": {
      "resolved": "../../node_modules/.pnpm/@types+node@16.18.126/node_modules/@types/node",
      "link": true
    },
    "node_modules/@types/react": {
      "resolved": "../../node_modules/.pnpm/@types+react@19.1.0/node_modules/@types/react",
      "link": true
    },
    "node_modules/@types/react-dom": {
      "resolved": "../../node_modules/.pnpm/@types+react-dom@19.1.1_@types+react@19.1.0/node_modules/@types/react-dom",
      "link": true
    },
    "node_modules/@types/react-router-dom": {
      "resolved": "../../node_modules/.pnpm/@types+react-router-dom@5.3.3/node_modules/@types/react-router-dom",
      "link": true
    },
    "node_modules/autoprefixer": {
      "resolved": "../../node_modules/.pnpm/autoprefixer@10.4.21_postcss@8.5.3/node_modules/autoprefixer",
      "link": true
    },
    "node_modules/bowser": {
      "version": "2.11.0",
      "resolved": "https://registry.npmjs.org/bowser/-/bowser-2.11.0.tgz",
      "integrity": "sha512-AlcaJBi/pqqJBIQ8U9Mcpc9i8Aqxn88Skv5d+xBX006BY5u8N3mGLHa5Lgppa7L/HfwgwLgZ6NYs+Ag6uUmJRA==",
      "license": "MIT"
    },
    "node_modules/postcss": {
      "resolved": "../../node_modules/.pnpm/postcss@8.5.3/node_modules/postcss",
      "link": true
    },
    "node_modules/react": {
      "resolved": "../../node_modules/.pnpm/react@19.1.0/node_modules/react",
      "link": true
    },
    "node_modules/react-dom": {
      "resolved": "../../node_modules/.pnpm/react-dom@19.1.0_react@19.1.0/node_modules/react-dom",
      "link": true
    },
    "node_modules/react-router-dom": {
      "resolved": "../../node_modules/.pnpm/react-router-dom@7.5.0_react-dom@19.1.0_react@19.1.0__react@19.1.0/node_modules/react-router-dom",
      "link": true
    },
    "node_modules/react-scripts": {
      "resolved": "../../node_modules/.pnpm/react-scripts@5.0.1_@babel+plugin-syntax-flow@7.26.0_@babel+core@7.26.10__@babel+plugin_afbe7d174245ecbb5c8987d9f5ae7774/node_modules/react-scripts",
      "link": true
    },
    "node_modules/tailwindcss": {
      "resolved": "../../node_modules/.pnpm/tailwindcss@3.4.17_ts-node@10.9.2_@types+node@16.18.126_typescript@4.9.5_/node_modules/tailwindcss",
      "link": true
    },
    "node_modules/typescript": {
      "resolved": "../../node_modules/.pnpm/typescript@4.9.5/node_modules/typescript",
      "link": true
    },
    "node_modules/viem": {
      "resolved": "../../node_modules/.pnpm/viem@2.27.0_bufferutil@4.0.9_typescript@4.9.5_utf-8-validate@5.0.10/node_modules/viem",
      "link": true
    },
    "node_modules/wagmi": {
      "resolved": "../../node_modules/.pnpm/wagmi@2.14.16_@tanstack+query-core@5.74.3_@tanstack+react-query@5.74.3_react@19.1.0__@t_b364b08ee1b048319690a2260371cdef/node_modules/wagmi",
      "link": true
    },
    "node_modules/web-vitals": {
      "resolved": "../../node_modules/.pnpm/web-vitals@2.1.4/node_modules/web-vitals",
      "link": true
    }
  }
}
